{
    "version": 3,
    "terraform_version": "0.11.10",
    "serial": 2,
    "lineage": "caabad84-fef1-052f-6a9b-f0ce544e8fe7",
    "modules": [
        {
            "path": [
                "root"
            ],
            "outputs": {},
            "resources": {
                "azurerm_network_security_group.myterraformnsg": {
                    "type": "azurerm_network_security_group",
                    "depends_on": [
                        "azurerm_resource_group.myterraformgroup"
                    ],
                    "primary": {
                        "id": "/subscriptions/724db8b9-5413-4f32-a268-df91eb327608/resourceGroups/myResourceGroup/providers/Microsoft.Network/networkSecurityGroups/myNetworkSecurityGroup",
                        "attributes": {
                            "id": "/subscriptions/724db8b9-5413-4f32-a268-df91eb327608/resourceGroups/myResourceGroup/providers/Microsoft.Network/networkSecurityGroups/myNetworkSecurityGroup",
                            "location": "eastus",
                            "name": "myNetworkSecurityGroup",
                            "resource_group_name": "myResourceGroup",
                            "security_rule.#": "1",
                            "security_rule.2090309246.access": "Allow",
                            "security_rule.2090309246.description": "",
                            "security_rule.2090309246.destination_address_prefix": "*",
                            "security_rule.2090309246.destination_address_prefixes.#": "0",
                            "security_rule.2090309246.destination_application_security_group_ids.#": "0",
                            "security_rule.2090309246.destination_port_range": "22",
                            "security_rule.2090309246.destination_port_ranges.#": "0",
                            "security_rule.2090309246.direction": "Inbound",
                            "security_rule.2090309246.name": "SSH",
                            "security_rule.2090309246.priority": "1001",
                            "security_rule.2090309246.protocol": "Tcp",
                            "security_rule.2090309246.source_address_prefix": "*",
                            "security_rule.2090309246.source_address_prefixes.#": "0",
                            "security_rule.2090309246.source_application_security_group_ids.#": "0",
                            "security_rule.2090309246.source_port_range": "*",
                            "security_rule.2090309246.source_port_ranges.#": "0",
                            "tags.%": "1",
                            "tags.environment": "Terraform Demo"
                        },
                        "meta": {},
                        "tainted": false
                    },
                    "deposed": [],
                    "provider": "provider.azurerm"
                },
                "azurerm_public_ip.myterraformpublicip": {
                    "type": "azurerm_public_ip",
                    "depends_on": [
                        "azurerm_resource_group.myterraformgroup"
                    ],
                    "primary": {
                        "id": "/subscriptions/724db8b9-5413-4f32-a268-df91eb327608/resourceGroups/myResourceGroup/providers/Microsoft.Network/publicIPAddresses/myPublicIP",
                        "attributes": {
                            "id": "/subscriptions/724db8b9-5413-4f32-a268-df91eb327608/resourceGroups/myResourceGroup/providers/Microsoft.Network/publicIPAddresses/myPublicIP",
                            "idle_timeout_in_minutes": "4",
                            "ip_address": "",
                            "ip_version": "IPv4",
                            "location": "eastus",
                            "name": "myPublicIP",
                            "public_ip_address_allocation": "Dynamic",
                            "resource_group_name": "myResourceGroup",
                            "sku": "Basic",
                            "tags.%": "1",
                            "tags.environment": "Terraform Demo",
                            "zones.#": "0"
                        },
                        "meta": {},
                        "tainted": false
                    },
                    "deposed": [],
                    "provider": "provider.azurerm"
                },
                "azurerm_resource_group.myterraformgroup": {
                    "type": "azurerm_resource_group",
                    "depends_on": [],
                    "primary": {
                        "id": "/subscriptions/724db8b9-5413-4f32-a268-df91eb327608/resourceGroups/myResourceGroup",
                        "attributes": {
                            "id": "/subscriptions/724db8b9-5413-4f32-a268-df91eb327608/resourceGroups/myResourceGroup",
                            "location": "eastus",
                            "name": "myResourceGroup",
                            "tags.%": "1",
                            "tags.environment": "Terraform Demo"
                        },
                        "meta": {},
                        "tainted": false
                    },
                    "deposed": [],
                    "provider": "provider.azurerm"
                },
                "azurerm_storage_account.mystorageaccount": {
                    "type": "azurerm_storage_account",
                    "depends_on": [
                        "azurerm_resource_group.myterraformgroup",
                        "random_id.randomId"
                    ],
                    "primary": {
                        "id": "/subscriptions/724db8b9-5413-4f32-a268-df91eb327608/resourceGroups/myResourceGroup/providers/Microsoft.Storage/storageAccounts/diag500949601b339dd1",
                        "attributes": {
                            "access_tier": "",
                            "account_encryption_source": "Microsoft.Storage",
                            "account_kind": "Storage",
                            "account_replication_type": "LRS",
                            "account_tier": "Standard",
                            "account_type": "Standard_LRS",
                            "enable_blob_encryption": "true",
                            "enable_file_encryption": "true",
                            "enable_https_traffic_only": "false",
                            "id": "/subscriptions/724db8b9-5413-4f32-a268-df91eb327608/resourceGroups/myResourceGroup/providers/Microsoft.Storage/storageAccounts/diag500949601b339dd1",
                            "identity.#": "0",
                            "location": "eastus",
                            "name": "diag500949601b339dd1",
                            "network_rules.#": "0",
                            "primary_access_key": "xLEq16iuQeF36b+llPyCj7/fAsxfPKFYrOGKxWm9tPVJ1j4llg9xc+a4Ks8EujQC90I5vFmrSTIEYn1hP7M39Q==",
                            "primary_blob_connection_string": "DefaultEndpointsProtocol=https;BlobEndpoint=https://diag500949601b339dd1.blob.core.windows.net/;AccountName=diag500949601b339dd1;AccountKey=xLEq16iuQeF36b+llPyCj7/fAsxfPKFYrOGKxWm9tPVJ1j4llg9xc+a4Ks8EujQC90I5vFmrSTIEYn1hP7M39Q==",
                            "primary_blob_endpoint": "https://diag500949601b339dd1.blob.core.windows.net/",
                            "primary_connection_string": "DefaultEndpointsProtocol=https;AccountName=diag500949601b339dd1;AccountKey=xLEq16iuQeF36b+llPyCj7/fAsxfPKFYrOGKxWm9tPVJ1j4llg9xc+a4Ks8EujQC90I5vFmrSTIEYn1hP7M39Q==;EndpointSuffix=core.windows.net",
                            "primary_file_endpoint": "https://diag500949601b339dd1.file.core.windows.net/",
                            "primary_location": "eastus",
                            "primary_queue_endpoint": "https://diag500949601b339dd1.queue.core.windows.net/",
                            "primary_table_endpoint": "https://diag500949601b339dd1.table.core.windows.net/",
                            "resource_group_name": "myResourceGroup",
                            "secondary_access_key": "1uX+P0IjfCR1WDtX89E6JBWRk1OXvI4K/Q32+JvPuWaOVBbBFocqJJtzVC9mcScvCLQPVgZSKznYx3gcJsJ9Fg==",
                            "secondary_connection_string": "DefaultEndpointsProtocol=https;AccountName=diag500949601b339dd1;AccountKey=1uX+P0IjfCR1WDtX89E6JBWRk1OXvI4K/Q32+JvPuWaOVBbBFocqJJtzVC9mcScvCLQPVgZSKznYx3gcJsJ9Fg==;EndpointSuffix=core.windows.net",
                            "secondary_location": "",
                            "tags.%": "1",
                            "tags.environment": "Terraform Demo"
                        },
                        "meta": {
                            "schema_version": "2"
                        },
                        "tainted": false
                    },
                    "deposed": [],
                    "provider": "provider.azurerm"
                },
                "random_id.randomId": {
                    "type": "random_id",
                    "depends_on": [
                        "azurerm_resource_group.myterraformgroup"
                    ],
                    "primary": {
                        "id": "UAlJYBszndE",
                        "attributes": {
                            "b64": "UAlJYBszndE",
                            "b64_std": "UAlJYBszndE=",
                            "b64_url": "UAlJYBszndE",
                            "byte_length": "8",
                            "dec": "5767221474946686417",
                            "hex": "500949601b339dd1",
                            "id": "UAlJYBszndE",
                            "keepers.%": "1",
                            "keepers.resource_group": "myResourceGroup"
                        },
                        "meta": {},
                        "tainted": false
                    },
                    "deposed": [],
                    "provider": "provider.random"
                }
            },
            "depends_on": []
        }
    ]
}
